{
  "version": 1,
  "dependencies": {
    "net10.0": {
      "MSTest": {
        "type": "Direct",
        "requested": "[4.0.1, )",
        "resolved": "4.0.1",
        "contentHash": "kCFrH0B7R5l1mE13qTn2vzLoeSPmJgwylf2ccEym4SsvdHtSCCgKBeYgaOxPLZWDW4NJJBpETTMub0qxkgMOQQ==",
        "dependencies": {
          "MSTest.TestAdapter": "4.0.1",
          "MSTest.TestFramework": "4.0.1",
          "Microsoft.NET.Test.Sdk": "18.0.0",
          "Microsoft.Testing.Extensions.CodeCoverage": "18.1.0",
          "Microsoft.Testing.Extensions.TrxReport": "2.0.1"
        }
      },
      "Microsoft.ApplicationInsights": {
        "type": "Transitive",
        "resolved": "2.23.0",
        "contentHash": "nWArUZTdU7iqZLycLKWe0TDms48KKGE6pONH2terYNa8REXiqixrMOkf1sk5DHGMaUTqONU2YkS4SAXBhLStgw=="
      },
      "Microsoft.CodeCoverage": {
        "type": "Transitive",
        "resolved": "18.0.0",
        "contentHash": "DFPhMrsIofgJ1DDU3ModqqRArDm15/bNl4ecmcuBspZkZ4ONYnCC0R8U27WzK7cYv6r8l6Q/fRmvg7cb+I/dJA=="
      },
      "Microsoft.Data.Sqlite": {
        "type": "Transitive",
        "resolved": "10.0.10",
        "contentHash": "58JwZ39lCvRXHfV5O6RQfbHEDu8ZsXI7weRoVRR4jrGRxxkS+qyeuGrN2xD+9VYEICApYr0iTSL6PuU+DdsvPg==",
        "dependencies": {
          "Microsoft.Data.Sqlite.Core": "10.0.10",
          "SQLitePCLRaw.bundle_e_sqlite3": "2.1.11",
          "SQLitePCLRaw.core": "2.1.11"
        }
      },
      "Microsoft.Data.Sqlite.Core": {
        "type": "Transitive",
        "resolved": "10.0.10",
        "contentHash": "TPCs0ldm7AWqcKmp6f/Xr+14sat7hx4rHfRlS4RgCURBH2thEWbAKEyX7cCWr63zVJVOJIJZTg2cBiUXa8ys6g==",
        "dependencies": {
          "SQLitePCLRaw.core": "2.1.11"
        }
      },
      "Microsoft.DiaSymReader": {
        "type": "Transitive",
        "resolved": "2.0.0",
        "contentHash": "QcZrCETsBJqy/vQpFtJc+jSXQ0K5sucQ6NUFbTNVHD4vfZZOwjZ/3sBzczkC4DityhD3AVO/+K/+9ioLs1AgRA=="
      },
      "Microsoft.Extensions.DependencyModel": {
        "type": "Transitive",
        "resolved": "6.0.2",
        "contentHash": "HS5YsudCGSVoCVdsYJ5FAO9vx0z04qSAXgVzpDJSQ1/w/X9q8hrQVGU2p+Yfui+2KcXLL+Zjc0SX3yJWtBmYiw=="
      },
      "Microsoft.NET.Test.Sdk": {
        "type": "Transitive",
        "resolved": "18.0.0",
        "contentHash": "bvxj2Asb7nT+tqOFFerrhQeEjUYLwx0Poi0Rznu63WbqN+A4uDn1t5NWXfAOOQsF6lpmK6N2v+Vvgso7KWZS7g==",
        "dependencies": {
          "Microsoft.CodeCoverage": "18.0.0",
          "Microsoft.TestPlatform.TestHost": "18.0.0"
        }
      },
      "Microsoft.Testing.Extensions.CodeCoverage": {
        "type": "Transitive",
        "resolved": "18.1.0",
        "contentHash": "FJUCocHSPSjbeoGE/OojOhVUXwDng3VdNlwqzif9hMS2eFcG0f8RdjLM537aBsjP7zLHvGnWXbnUnc61v/EFCA==",
        "dependencies": {
          "Microsoft.DiaSymReader": "2.0.0",
          "Microsoft.Extensions.DependencyModel": "6.0.2",
          "Microsoft.Testing.Platform": "2.0.0"
        }
      },
      "Microsoft.Testing.Extensions.Telemetry": {
        "type": "Transitive",
        "resolved": "2.0.1",
        "contentHash": "qfzQF/XSjjtcir+wEPdVOIaseQqTqucNWO3uw+dbSflpIC9y9+o+Kq8+Xi0O9AGxukgMz/r4QTdNEK2FauYSCA==",
        "dependencies": {
          "Microsoft.ApplicationInsights": "2.23.0",
          "Microsoft.Testing.Platform": "2.0.1"
        }
      },
      "Microsoft.Testing.Extensions.TrxReport": {
        "type": "Transitive",
        "resolved": "2.0.1",
        "contentHash": "8XsUmt8RfelkKggTZm/HfrTtY3pnT1/Rfmi4xxPbx9ko5fToxnpsDH3uvU6LwxKff41WQAABNN0K/qdLdk5FaQ==",
        "dependencies": {
          "Microsoft.Testing.Extensions.TrxReport.Abstractions": "2.0.1",
          "Microsoft.Testing.Platform": "2.0.1"
        }
      },
      "Microsoft.Testing.Extensions.TrxReport.Abstractions": {
        "type": "Transitive",
        "resolved": "2.0.1",
        "contentHash": "GCyRVLdFiOlGkgZItt2kHJRn/NY9zhEF5EQwjFCOl6fwr+uSy0KtwwGHF5uERevjEEBTqRbj4wwrraAqRyq1Zw==",
        "dependencies": {
          "Microsoft.Testing.Platform": "2.0.1"
        }
      },
      "Microsoft.Testing.Extensions.VSTestBridge": {
        "type": "Transitive",
        "resolved": "2.0.1",
        "contentHash": "9AhTlsybBBit+26FwsVFMc8piaNfHtBCqFuwC0sW6LZJfg9fB1SIh/FQLt2jQF98qwasbZ2r8OMYivxZkL3mAg==",
        "dependencies": {
          "Microsoft.TestPlatform.AdapterUtilities": "18.0.0",
          "Microsoft.TestPlatform.ObjectModel": "18.0.0",
          "Microsoft.Testing.Extensions.Telemetry": "2.0.1",
          "Microsoft.Testing.Extensions.TrxReport.Abstractions": "2.0.1",
          "Microsoft.Testing.Platform": "2.0.1"
        }
      },
      "Microsoft.Testing.Platform": {
        "type": "Transitive",
        "resolved": "2.0.1",
        "contentHash": "k1k9DV/pzkhiG0LOokmrBf63BBhgUoHcjsOA6C0S26hiO+prcUIw4wpbzrUGrwMmJlo1P0idxJtiFEAZdvNwxQ=="
      },
      "Microsoft.Testing.Platform.MSBuild": {
        "type": "Transitive",
        "resolved": "2.0.1",
        "contentHash": "zI8svKM2d1wAu20u+cMRo13oJv4uyPcCmVZixvKk+W34d1F7hH2msEzyQ4zv3NEliE60JMM9cdDxWcA3yU2oAA==",
        "dependencies": {
          "Microsoft.Testing.Platform": "2.0.1"
        }
      },
      "Microsoft.TestPlatform.AdapterUtilities": {
        "type": "Transitive",
        "resolved": "18.0.0",
        "contentHash": "3D9MrhTGYshzsEORmcA2lTP7nnxkFfbqGnLas5J1E7XgPU2Mtvp57IAKVFLzHUu9sLMjaxBZQOe9A/hYoUWyWw=="
      },
      "Microsoft.TestPlatform.ObjectModel": {
        "type": "Transitive",
        "resolved": "18.0.0",
        "contentHash": "Al/a99ymb8UdEEh6DKNiaoFn5i8fvX5PdM9LfU9Z/Q8NJrlyHHzF+LRHLbR+t89gRsJ2fFMpwYxgEn3eH1BQwA=="
      },
      "Microsoft.TestPlatform.TestHost": {
        "type": "Transitive",
        "resolved": "18.0.0",
        "contentHash": "aAxE8Thr9ZHGrljOYaDeLJqitQi75iE4xeEFn6CEGFirlHSn1KwpKPniuEn6zCLZ90Z3XqNlrC3ZJTuvBov45w==",
        "dependencies": {
          "Microsoft.TestPlatform.ObjectModel": "18.0.0",
          "Newtonsoft.Json": "13.0.3"
        }
      },
      "MSTest.Analyzers": {
        "type": "Transitive",
        "resolved": "4.0.1",
        "contentHash": "SFYBSnZ2O5n+JZ6dYGig0rV8maAYYSAk8SpYbAvCl8XqJ2H1+Z6Su9AI4llW+RMJtmDDRUZ3JgaGih/MMgQkOw=="
      },
      "MSTest.TestAdapter": {
        "type": "Transitive",
        "resolved": "4.0.1",
        "contentHash": "c5a2Dg/rxsB7pWwTMhULlHAmrNZtHC8xFa7LGxBQHdt80vMZ2Ez9PSHvkWAmxZhC5ma9GuJ89KCieRA8cJykPQ==",
        "dependencies": {
          "MSTest.TestFramework": "4.0.1",
          "Microsoft.Testing.Extensions.VSTestBridge": "2.0.1",
          "Microsoft.Testing.Platform.MSBuild": "2.0.1"
        }
      },
      "MSTest.TestFramework": {
        "type": "Transitive",
        "resolved": "4.0.1",
        "contentHash": "uXIBT47UAQcga6sfflqFvo1rkmHQESIhDvtusMWqhOef9nZhJF8UslfOZoIBV8q6uv9WOehSZ5fBBB4SNZWnBg==",
        "dependencies": {
          "MSTest.Analyzers": "4.0.1"
        }
      },
      "Newtonsoft.Json": {
        "type": "Transitive",
        "resolved": "13.0.3",
        "contentHash": "HrC5BXdl00IP9zeV+0Z848QWPAoCr9P3bDEZguI+gkLcBKAOxix/tLEAAHC+UvDNPv4a2d18lOReHMOagPa+zQ=="
      },
      "runtime.android-arm.runtime.native.System.IO.Ports": {
        "type": "Transitive",
        "resolved": "10.0.0",
        "contentHash": "ehgGD1p2lNdYs/4xC1pqB8Cmuqq/c7YWOu+6YRZNpwgebcPyjzVNU2yjgBxHce4ER28hNT4DTeODr35xIHv+cw=="
      },
      "runtime.android-arm64.runtime.native.System.IO.Ports": {
        "type": "Transitive",
        "resolved": "10.0.0",
        "contentHash": "+LI5JP5YDzXvuYP5XHnEFURgGVb0misSYb2vYPcrTq7xH8EF8wp8N3fAU3IGJ2eeJ1KzvtVmsuQok+ZTrmooww=="
      },
      "runtime.android-x64.runtime.native.System.IO.Ports": {
        "type": "Transitive",
        "resolved": "10.0.0",
        "contentHash": "7wsbMw7Qaw5e2CittVwAO3Zub8ZNMG5fJrr3/8fVfMuyR1QaAYe0cbqmltTpstbiSK8G8yQDWCj3rJnre6ffXw=="
      },
      "runtime.android-x86.runtime.native.System.IO.Ports": {
        "type": "Transitive",
        "resolved": "10.0.0",
        "contentHash": "ZVKPUs3xVKzDQaVYnetP4BDuy1sdbtydaFZpiGIpmiczLfnVPqB0ddMShrJ1fQk1aM7tPcst/KzwUHjPqgijlQ=="
      },
      "runtime.linux-arm.runtime.native.System.IO.Ports": {
        "type": "Transitive",
        "resolved": "10.0.0",
        "contentHash": "IA5+Djaq6B6QRfO1x7qS0LoB7Cw/46c18zs98cP0Se+gpaUciJxSsBAl9PAPbfEIK5cADW5ecNvtGvNtk7S1Mg=="
      },
      "runtime.linux-arm64.runtime.native.System.IO.Ports": {
        "type": "Transitive",
        "resolved": "10.0.0",
        "contentHash": "G2udW9Ej7OYIPjgvcb+K6ooeU/84PqHnxMg8/vz1SHmCCLpEvCYS4W73MoL/Lqz28fJ1Pehy6cShp8DKKGbBPg=="
      },
      "runtime.linux-bionic-arm64.runtime.native.System.IO.Ports": {
        "type": "Transitive",
        "resolved": "10.0.0",
        "contentHash": "yXj5BTjwpjnZhkyC1JZLbMdMh6tamF3qjac7DAHQa/qM8ICqjxK5F6duS3i0OnWPaZBZUKkpP1dyZ8FeL7GsKQ=="
      },
      "runtime.linux-bionic-x64.runtime.native.System.IO.Ports": {
        "type": "Transitive",
        "resolved": "10.0.0",
        "contentHash": "nxCe45MUNmsCLhgIn2Catvf25ipmHzTBoXUfkjsl97o2RJXl5PSjx2jiYvJIz8O9Zx7mRGBBtgvLtpLDm1Ci3g=="
      },
      "runtime.linux-musl-arm.runtime.native.System.IO.Ports": {
        "type": "Transitive",
        "resolved": "10.0.0",
        "contentHash": "PK0gGqX/FrLP+fv5c+56s36bqQu8umGt2h1L5ze1rqioYb1NErZg3D+zA4s45pHLDupJ7vmlvLo72DLFPAnzow=="
      },
      "runtime.linux-musl-arm64.runtime.native.System.IO.Ports": {
        "type": "Transitive",
        "resolved": "10.0.0",
        "contentHash": "kGmMJHJIairC0znRxMY8l8dovr7mpqb1wTRT0k/H0pHUYMC0yWyBxPQ6Jhss/tevazLYJG+kfsNw8oouF2pyvQ=="
      },
      "runtime.linux-musl-x64.runtime.native.System.IO.Ports": {
        "type": "Transitive",
        "resolved": "10.0.0",
        "contentHash": "dUvttlipSsyfqgmGkdzsBTSwDA92r7NIL860jIGlaZ31kY7vGGxa9EeR9Y//vj5JmIcRVMhoe69u2t1pITPHTQ=="
      },
      "runtime.linux-x64.runtime.native.System.IO.Ports": {
        "type": "Transitive",
        "resolved": "10.0.0",
        "contentHash": "BYU08iO5Ey9oGMxSXCrsmEHkT51SifbIL8yBCD7e59P90tZzxpzm89j+guGsb24+qbiwOlCQmpi10dgWn6VmWg=="
      },
      "runtime.maccatalyst-arm64.runtime.native.System.IO.Ports": {
        "type": "Transitive",
        "resolved": "10.0.0",
        "contentHash": "DGVYub3vzhIXntukgOH18NOs6O6Y0PivftW/DYJZQs4lrA/zIUWs7DFXdY4D+4dcJjKBweb5qp4uRIko/vtodQ=="
      },
      "runtime.maccatalyst-x64.runtime.native.System.IO.Ports": {
        "type": "Transitive",
        "resolved": "10.0.0",
        "contentHash": "h+H9WlpBbG1b3ZcnjaRdV1avmz1mOWvkjGoXlYh+brPPT3XpP2KWtTOLAz/3JpQe49LwGq+rOX8GwbzQvUpdkA=="
      },
      "runtime.native.System.IO.Ports": {
        "type": "Transitive",
        "resolved": "10.0.0",
        "contentHash": "xL+e2TzXMx4Ts/TVo/v6MbNtKPc3OASCN1cHqVXzWdT+fOH9m4BM12SSXkp5clP5Rj955Vh/4Lj1faD+FGwjiQ==",
        "dependencies": {
          "runtime.android-arm.runtime.native.System.IO.Ports": "10.0.0",
          "runtime.android-arm64.runtime.native.System.IO.Ports": "10.0.0",
          "runtime.android-x64.runtime.native.System.IO.Ports": "10.0.0",
          "runtime.android-x86.runtime.native.System.IO.Ports": "10.0.0",
          "runtime.linux-arm.runtime.native.System.IO.Ports": "10.0.0",
          "runtime.linux-arm64.runtime.native.System.IO.Ports": "10.0.0",
          "runtime.linux-bionic-arm64.runtime.native.System.IO.Ports": "10.0.0",
          "runtime.linux-bionic-x64.runtime.native.System.IO.Ports": "10.0.0",
          "runtime.linux-musl-arm.runtime.native.System.IO.Ports": "10.0.0",
          "runtime.linux-musl-arm64.runtime.native.System.IO.Ports": "10.0.0",
          "runtime.linux-musl-x64.runtime.native.System.IO.Ports": "10.0.0",
          "runtime.linux-x64.runtime.native.System.IO.Ports": "10.0.0",
          "runtime.maccatalyst-arm64.runtime.native.System.IO.Ports": "10.0.0",
          "runtime.maccatalyst-x64.runtime.native.System.IO.Ports": "10.0.0",
          "runtime.osx-arm64.runtime.native.System.IO.Ports": "10.0.0",
          "runtime.osx-x64.runtime.native.System.IO.Ports": "10.0.0"
        }
      },
      "runtime.osx-arm64.runtime.native.System.IO.Ports": {
        "type": "Transitive",
        "resolved": "10.0.0",
        "contentHash": "UrTKcNTBfHCvwmMJHJotiY8FVcQu1mk73b+AsLmVlu0S3Z27VvwWgd3fcw1CjkqX45BoVYMCE3JNhIExIKSrzQ=="
      },
      "runtime.osx-x64.runtime.native.System.IO.Ports": {
        "type": "Transitive",
        "resolved": "10.0.0",
        "contentHash": "kggkJk7S8OcoOLa9OyrP2zQ/eStiKHOytWVK8lJuRckzcz52eUgDo66+d9n2KciukcNmeAbmSHEY6fh2n394Jg=="
      },
      "SQLitePCLRaw.bundle_e_sqlite3": {
        "type": "Transitive",
        "resolved": "2.1.11",
        "contentHash": "DC4nA7yWnf4UZdgJDF+9Mus4/cb0Y3Sfgi3gDnAoKNAIBwzkskNAbNbyu+u4atT0ruVlZNJfwZmwiEwE5oz9LQ==",
        "dependencies": {
          "SQLitePCLRaw.lib.e_sqlite3": "2.1.11",
          "SQLitePCLRaw.provider.e_sqlite3": "2.1.11"
        }
      },
      "SQLitePCLRaw.core": {
        "type": "Transitive",
        "resolved": "2.1.11",
        "contentHash": "PK0GLFkfhZzLQeR3PJf71FmhtHox+U3vcY6ZtswoMjrefkB9k6ErNJEnwXqc5KgXDSjige2XXrezqS39gkpQKA=="
      },
      "SQLitePCLRaw.lib.e_sqlite3": {
        "type": "Transitive",
        "resolved": "2.1.12",
        "contentHash": "fWi8Dbknuhgg72fWinIdjXVaqO1hHL4YBBwVLnr7e1c9TAZwJ0QE38j9syW1hwx6HaqEVTwI+O07WPdZn8Rp0w=="
      },
      "SQLitePCLRaw.provider.e_sqlite3": {
        "type": "Transitive",
        "resolved": "2.1.11",
        "contentHash": "Y/0ZkR+r0Cg3DQFuCl1RBnv/tmxpIZRU3HUvelPw6MVaKHwYYR8YNvgs0vuNuXCMvlyJ+Fh88U1D4tah1tt6qw==",
        "dependencies": {
          "SQLitePCLRaw.core": "2.1.11"
        }
      },
      "System.IO.Ports": {
        "type": "Transitive",
        "resolved": "10.0.0",
        "contentHash": "UT9dTPqoEjG5AuPu2NA29hBlNyW2bGIVv/CoV2I2IjIRRnAzbXHVRdVZG5NKfuWTLmpQZfAaEAWV9MSn3VDrtg==",
        "dependencies": {
          "runtime.native.System.IO.Ports": "10.0.0"
        }
      },
      "Scanio": {
        "type": "Project",
        "dependencies": {
          "Scanio.Analysis": "[0.1.0-alpha.1, )",
          "Scanio.Application": "[0.1.0-alpha.1, )",
          "Scanio.Capture": "[0.1.0-alpha.1, )",
          "Scanio.Domain": "[0.1.0-alpha.1, )",
          "Scanio.Platform.Windows": "[0.1.0-alpha.1, )",
          "Scanio.Storage": "[0.1.0-alpha.1, )",
          "Scanio.Transports": "[0.1.0-alpha.1, )"
        }
      },
      "scanio.analysis": {
        "type": "Project",
        "dependencies": {
          "Scanio.Domain": "[0.1.0-alpha.1, )"
        }
      },
      "scanio.application": {
        "type": "Project",
        "dependencies": {
          "Scanio.Analysis": "[0.1.0-alpha.1, )",
          "Scanio.Capture": "[0.1.0-alpha.1, )",
          "Scanio.Domain": "[0.1.0-alpha.1, )",
          "Scanio.Transports": "[0.1.0-alpha.1, )"
        }
      },
      "scanio.capture": {
        "type": "Project",
        "dependencies": {
          "Scanio.Domain": "[0.1.0-alpha.1, )"
        }
      },
      "scanio.domain": {
        "type": "Project"
      },
      "scanio.platform.windows": {
        "type": "Project",
        "dependencies": {
          "Scanio.Domain": "[0.1.0-alpha.1, )"
        }
      },
      "scanio.storage": {
        "type": "Project",
        "dependencies": {
          "Microsoft.Data.Sqlite": "[10.0.10, )",
          "SQLitePCLRaw.lib.e_sqlite3": "[2.1.12, )",
          "Scanio.Application": "[0.1.0-alpha.1, )"
        }
      },
      "scanio.transports": {
        "type": "Project",
        "dependencies": {
          "Scanio.Domain": "[0.1.0-alpha.1, )",
          "System.IO.Ports": "[10.0.0, )"
        }
      }
    }
  }
}